<?xml version="1.0" encoding="utf-8"?>
<Project ToolsVersion="4.0" xmlns="http://schemas.microsoft.com/developer/msbuild/2003">
  <ItemGroup>
    <ClCompile Include="perftest_cpp.cxx">
      <Filter>Source Files</Filter>
    </ClCompile>
    <ClCompile Include="..\DDSTypes\testSupport.cxx">
      <Filter>Source Files</Filter>
    </ClCompile>
    <ClCompile Include="Property.cxx">
      <Filter>Source Files</Filter>
    </ClCompile>
    <ClCompile Include="RTIDDSImpl.cxx">
      <Filter>Source Files</Filter>
    </ClCompile>
    <ClCompile Include="..\DDSTypes\test.cxx">
      <Filter>Source Files</Filter>
    </ClCompile>
    <ClCompile Include="..\DDSTypes\testPlugin.cxx">
      <Filter>Source Files</Filter>
    </ClCompile>
  </ItemGroup>
  <ItemGroup>
    <ClInclude Include="MessagingIF.h">
      <Filter>Header Files</Filter>
    </ClInclude>
    <ClInclude Include="perftest_cpp.h">
      <Filter>Header Files</Filter>
    </ClInclude>
    <ClInclude Include="Property.h">
      <Filter>Header Files</Filter>
    </ClInclude>
    <ClInclude Include="RTIDDSImpl.h">
      <Filter>Header Files</Filter>
    </ClInclude>
    <ClInclude Include="..\DDSTypes\test.h">
      <Filter>Header Files</Filter>
    </ClInclude>
    <ClInclude Include="..\DDSTypes\testPlugin.h">
      <Filter>Header Files</Filter>
    </ClInclude>
    <ClInclude Include="..\DDSTypes\testSupport.h">
      <Filter>Header Files</Filter>
    </ClInclude>
  </ItemGroup>
  <ItemGroup>
    <Filter Include="Header Files">
      <UniqueIdentifier>{238835a4-8ca5-4931-9896-07f43f9fe52f}</UniqueIdentifier>
    </Filter>
    <Filter Include="Source Files">
      <UniqueIdentifier>{79f89bad-34a0-4907-9698-5947ee2a544b}</UniqueIdentifier>
    </Filter>
  </ItemGroup>
  <ItemGroup>
    <CustomBuild Include="..\idl\test.idl">
      <Filter>Source Files</Filter>
    </CustomBuild>
  </ItemGroup>
</Project>